
Microsoft Visual Studio Solution File, Format Version 12.00
# Visual Studio 15
VisualStudioVersion = 15.0.27703.2026
MinimumVisualStudioVersion = 10.0.40219.1
Project("{FAE04EC0-301F-11D3-BF4B-00C04F79EFBC}") = "OmniLinkBridge", "OmniLinkBridge\OmniLinkBridge.csproj", "{0A636707-98BA-45AB-9843-AED430933CEE}"
EndProject
Project("{FAE04EC0-301F-11D3-BF4B-00C04F79EFBC}") = "OmniLinkBridgeTest", "OmniLinkBridgeTest\OmniLinkBridgeTest.csproj", "{6E6950E4-35F9-4D99-8ADA-B7E2F29D4172}"
EndProject
Global
	GlobalSection(SolutionConfigurationPlatforms) = preSolution
		Debug|Any CPU = Debug|Any CPU
		Release|Any CPU = Release|Any CPU
	EndGlobalSection
	GlobalSection(ProjectConfigurationPlatforms) = postSolution
		{0A636707-98BA-45AB-9843-AED430933CEE}.Debug|Any CPU.ActiveCfg = Debug|Any CPU
		{0A636707-98BA-45AB-9843-AED430933CEE}.Debug|Any CPU.Build.0 = Debug|Any CPU
		{0A636707-98BA-45AB-9843-AED430933CEE}.Release|Any CPU.ActiveCfg = Release|Any CPU
		{0A636707-98BA-45AB-9843-AED430933CEE}.Release|Any CPU.Build.0 = Release|Any CPU
		{6E6950E4-35F9-4D99-8ADA-B7E2F29D4172}.Debug|Any CPU.ActiveCfg = Debug|Any CPU
		{6E6950E4-35F9-4D99-8ADA-B7E2F29D4172}.Debug|Any CPU.Build.0 = Debug|Any CPU
		{6E6950E4-35F9-4D99-8ADA-B7E2F29D4172}.Release|Any CPU.ActiveCfg = Release|Any CPU
		{6E6950E4-35F9-4D99-8ADA-B7E2F29D4172}.Release|Any CPU.Build.0 = Release|Any CPU
	EndGlobalSection
	GlobalSection(SolutionProperties) = preSolution
		HideSolutionNode = FALSE
	EndGlobalSection
	GlobalSection(ExtensibilityGlobals) = postSolution
		SolutionGuid = {C65BDBEF-1B50-442F-BC26-3A5FE3EDFCA3}
	EndGlobalSection
EndGlobal
